{
    "_meta": {
        "hash": {
            "sha256": "111c53ecea1c24fdb51482506534c3beb94601efac82a770456c4278cde2f6fc"
        },
        "pipfile-spec": 6,
        "requires": {
            "python_version": "2.7"
        },
        "sources": [
            {
                "name": "pypi",
                "url": "https://pypi.python.org/simple",
                "verify_ssl": true
            }
        ]
    },
    "default": {
        "bacpypes": {
            "hashes": [
                "sha256:702e0db916fe7373709a8adee340e91f88f3a0135c399d8515bf0b1b0c6f38c5",
                "sha256:ab1c035ef2657bf0ae7d0be20c48b7a966cbe843986599e9094f9f22a6328019",
                "sha256:c9f0ce372cdde7b8d99e106c84c79e64633007b5b637115a57fde40cd455be80",
                "sha256:ffa04ef1b9966eb3d13d0b7d8ab9e898c2b29884c4a26b4ccfd5dd06e997486d"
            ],
            "index": "pypi",
            "version": "==0.16.4"
        },
        "certifi": {
            "hashes": [
                "sha256:14131608ad2fd56836d33a71ee60fa1c82bc9d2c8d98b7bdbc631fe1b3cd1296",
                "sha256:edbc3f203427eef571f79a7692bb160a2b0f7ccaa31953e99bd17e307cf63f7d"
            ],
            "version": "==2018.1.18"
        },
        "contexter": {
            "hashes": [
                "sha256:36a3a6bb80c6e4bab33ec98c6f394fa8deb433eb2154346e4244deef44230822",
                "sha256:9d268cf13dfef3c1eb28d791b650b959126c500abc5b6ad6349ec502ac32a19c",
                "sha256:c730890b1a915051414a6350d8ea1cddca7d01d8f756badedb30b9bf305ea0a8"
            ],
            "version": "==0.1.4"
        },
        "enum34": {
            "hashes": [
                "sha256:2d81cbbe0e73112bdfe6ef8576f2238f2ba27dd0d55752a776c41d38b7da2850",
                "sha256:644837f692e5f550741432dd3f223bbb9852018674981b1664e5dc339387588a",
                "sha256:6bd0f6ad48ec2aa117d3d141940d484deccda84d4fcd884f5c3d93c23ecd8c79",
                "sha256:8ad8c4783bf61ded74527bffb48ed9b54166685e4230386a9ed9b1279e2df5b1"
            ],
            "index": "pypi",
            "version": "==1.1.6"
        },
        "funcsigs": {
            "hashes": [
                "sha256:330cc27ccbf7f1e992e69fef78261dc7c6569012cf397db8d3de0234e6c937ca",
                "sha256:a7bb0f2cf3a3fd1ab2732cb49eba4252c2af4240442415b4abce3b87022a8f50"
            ],
            "index": "pypi",
            "version": "==1.0.2"
        },
        "fysom": {
            "hashes": [
                "sha256:f270b0cbd6e40721ef04340419598affdb2e7b981deb27b59551c5bca2535c34"
            ],
            "version": "==2.1.5"
        },
        "gevent": {
            "hashes": [
                "sha256:192439e55f6f99215ba98f95c53cf990b8380858d195d8c84ad60eb55ef4161b",
                "sha256:26a622ad8da282b0fea17f3800bfc4eae9be89a53c22ffba5a2b357278b8f8e8",
                "sha256:2af2b6eae04ccfa0766a135c31056c92a127ebcb172858880d8309a9e57f52d8",
                "sha256:2cb985038826eb353f5759dda2ec7bca581abf4e5c2e90b95ddb5d976dc785e6",
                "sha256:2f578b4469cbd2c5a59f353dacb81f8435b54afe4ec706c6155900aff39e8a12",
                "sha256:2feb3fddc0240373bfc0176d7625cb667132beef18009bf7101216baafd136e9",
                "sha256:3963faca1c5e175fdcfeec3ee7116f3d8082be2f94e096871e9b08da10fa4c25",
                "sha256:3c43de92658eb4723572cd7e543340943e96bf4666f92a819d36f93653c39d15",
                "sha256:4552cc8ffefd4c5301ba75ac2720befb0001bc134e4e8c28475e96992e513300",
                "sha256:468bc2aea02aa1963bd0c73803f0378530f60af8fc93a576d0ca79285d60e833",
                "sha256:58bdc8d1ca56e3dab833c2e2098a9afa98d0ff0f738c63e896138289c2a08b5e",
                "sha256:7188cbec74276e42ea0671ad479e4209f9f12d82bc542d21217a09f759e647e3",
                "sha256:720574505391b0f0817b092edfcbb97938d6d407ce912444a92267dab763eb8e",
                "sha256:7d8e8ff35decff1c70fd55959e74e5067505862828d875250a840d8031bf48c2",
                "sha256:911ebb03dee09e841d0f7ee367b1b8380f8918b3e30c3a822bc41599ae74d2a3",
                "sha256:9ce82526317a1279de2997e5da2744342ff0bd1459a14d75e749350966ae1e17",
                "sha256:a24fb153e3c65d025c065b140e39998d483d4df6887b02503ba66debf32b49d6",
                "sha256:a4ce00048808d3c2ee7e8c83860595b0d2090724770e499056aec1c8947bd2d1",
                "sha256:a51f414f22f31a110823ff0365cb088dc3317a06227c85033d8523dd619ada72",
                "sha256:bd0c6dcc30ec8014426e61a2cc429c7fcbcc26bd7b682bd590d31fce2d2bd843",
                "sha256:c7f86e297b8ffff7e101993980062f053ebda92ed8c40ab3a9c53c50ff9ef408",
                "sha256:ca934dc30f26e84c79e483db4de433702283ff02344d029635730ff9e7c1d416",
                "sha256:cb15cf73d69a2eeefed330858f09634e2c50bf46da9f9e7635730fcfb872c02c",
                "sha256:d072a29ca28bb84d9433434e2675c44ca29635c0aa0ed51b1eecf216991fd204",
                "sha256:f403a6b18b3cdb6de4c0140711de690071783433cd0f325c9e46c585497e580c",
                "sha256:f42de31de5f29a11f5480f76c05f3afce80e030333295718efd64bfb823e4e82"
            ],
            "index": "pypi",
            "version": "==1.1.2"
        },
        "greenlet": {
            "hashes": [
                "sha256:1017efcb7c2078f081dc9b505f2fff606e683e672ddea9a7dbd332222c6a0a7c",
                "sha256:12efc20be79d6f5a61257758b0d926ea083e0e93ca9a3f07bd6ebfac37327a9b",
                "sha256:134ec264699eeb76a5fee5d73a3c8766f8d4c5edc12464bb438cb6f3f3bd23e4",
                "sha256:1b537b3144ef518586f7935e3671f0f8195056288936dcd200744f285b7e24ae",
                "sha256:1b6642acde2889c8cef00ef237e28cfdb1e928ea1c7e08d06d67b4a42a73fcff",
                "sha256:1f8bf39807016d97778e12c45510addc6996f965a0b40aa7ecbb28a73ed9861c",
                "sha256:37bcb3e2cf8f67ce6b735b1c50f098c6774f5cf47258de58561e05c639dad356",
                "sha256:3cd07825d98ed834a74821fcd8f1c40d8410b6cf92726dcaaad4b46b440da852",
                "sha256:3d46c7841477136bcdafa1b343c0849d9886845848bd563279608f0644b2598a",
                "sha256:4c5f4908f7c9fb1c4316b45ceabe35985ea79e79336ffe300ddd3f49bf57cbec",
                "sha256:4d89f536490e74691e6e1e232c72d112863d8597f894873c3f452e08f21843e4",
                "sha256:5682764e893e5e6621dd70f11b72993f723953ee3d374650bf9dcea99c04f9c2",
                "sha256:58b07295a5085cff7773d2866510701d5cd955156e5368d7b6c823811e62da9b",
                "sha256:5a8a7402f28f2d7d3829d0e62bb370749bd6e013b6eb40cfe2637b298b2fd25f",
                "sha256:6c717e5fbe2bba8cb885031883dcb55c609ffadb84ef395f91915050d3c84343",
                "sha256:7e5b804e011d605c24662d30cc2e4c8f4896ee4c1d5f2ed5b73accbc3613af5f",
                "sha256:97ee513db7c13ec21ec9b9657e257c2beb491ae8199b058c68d7451a2f6cc27b",
                "sha256:9a98d49f63259b16d3627976b69dd856888a376c498b091c8e9ead56d5098ca8",
                "sha256:a9c2e9ded2ee4d6e17c70d52109a97392a64400b1568108825d1cabf26710b35",
                "sha256:af5fd9bfac0eef3875d6dc4496ba83ed1fb3f802045409a005d08c1ca98cad22",
                "sha256:c4417624aa88380cdf0fe110a8a6e0dbcc26f80887197fe5df0427dfa348ae62",
                "sha256:c6428e6086535231d99c1de464c8a8e2face60d255c4c20dd84379760beb9307",
                "sha256:d0cc137ca44e3664d3d97d7bbba8c77f10b411bdbbe2215c5e7f00f7d5c2af08",
                "sha256:d0e071a6fd2314447827285d33958b76b98090a78267bd7074f5bc10057db3d5",
                "sha256:d32efa985042147e87bc08b6f9bcf5335e0adefefdaf391484c38192e8a707f7",
                "sha256:d549332dbb7351301d081db92c27d5f0f3d4803bd92c415c65c30bf98fbe8fb4",
                "sha256:d9be3514f22439a3fb468aa1b026654f5eafb1b65bd6b0ffe109439ad77adffc",
                "sha256:f4d77939b392bbafbf3eea01169aefe85cb5ffbbd5b9a9d7ef012b01c384df5c",
                "sha256:f97758ca465fd2cf9b3335881b073b3463558e985078f4d8f27941d9626615ea"
            ],
            "index": "pypi",
            "version": "==0.4.10"
        },
        "grequests": {
            "hashes": [
                "sha256:0f41c4eee83bab39f5543af49665c08681637a0562a5704a3f7b2e4a996531c9"
            ],
            "index": "pypi",
            "version": "==0.3.0"
        },
        "hszinc": {
            "hashes": [
                "sha256:5cc545e1599585f280a2c367cc3c2ae7346758c3b8a8ff46ed592336bd611b7b"
            ],
            "version": "==1.2.1"
        },
        "iso8601": {
            "hashes": [
                "sha256:210e0134677cc0d02f6028087fee1df1e1d76d372ee1db0bf30bf66c5c1c89a3",
                "sha256:49c4b20e1f38aa5cf109ddcd39647ac419f928512c869dc01d5c7098eddede82",
                "sha256:bbbae5fb4a7abfe71d4688fd64bff70b91bbd74ef6a99d964bab18f7fdf286dd"
            ],
            "version": "==0.1.12"
        },
        "modbus-tk": {
            "hashes": [
                "sha256:0327f05d62bcdf3192a2e11c974ea6d7cf377bd8a340b32fc023dab398ff85ce"
            ],
            "index": "pypi",
            "version": "==0.5.8"
        },
        "monotonic": {
            "hashes": [
                "sha256:668088baea217e1e89edecd12c9a913ab4678419ad4eca378dcef1e4059a44f3",
                "sha256:c0e1ceca563ca6bb30b0fb047ee1002503ae6ad3585fc9c6af37a8f77ec274ba"
            ],
            "index": "pypi",
            "version": "==1.2"
        },
        "numpy": {
            "hashes": [
                "sha256:0739146eaf4985962f07c62f7133aca89f3a600faac891ce6c7f3a1e2afe5272",
                "sha256:07e21f14490324cc1160db101e9b6c1233c33985af4cb1d301dd02650fea1d7f",
                "sha256:0f6a5ed0cd7ab1da11f5c07a8ecada73fc55a70ef7bb6311a4109891341d7277",
                "sha256:0fd65cbbfdbf76bbf80c445d923b3accefea0fe2c2082049e0ce947c81fe1d3f",
                "sha256:20cac3123d791e4bf8482a580d98d6b5969ba348b9d5364df791ba3a666b660d",
                "sha256:528ce59ded2008f9e8543e0146acb3a98a9890da00adf8904b1e18c82099418b",
                "sha256:56e392b7c738bd70e6f46cf48c8194d3d1dd4c5a59fae4b30c58bb6ef86e5233",
                "sha256:675e0f23967ce71067d12b6944add505d5f0a251f819cfb44bdf8ee7072c090d",
                "sha256:6be6b0ca705321c178c9858e5ad5611af664bbdfae1df1541f938a840a103888",
                "sha256:719d914f564f35cce4dc103808f8297c807c9f0297ac183ed81ae8b5650e698e",
                "sha256:768e777cc1ffdbf97c507f65975c8686ebafe0f3dc8925d02ac117acc4669ce9",
                "sha256:7f76d406c6b998d6410198dcb82688dcdaec7d846aa87e263ccf52efdcfeba30",
                "sha256:8c18ee4dddd5c6a811930c0a7c7947bf16387da3b394725f6063f1366311187d",
                "sha256:99051e03b445117b26028623f1a487112ddf61a09a27e2d25e6bc07d37d94f25",
                "sha256:a1413d06abfa942ca0553bf3bccaff5fdb36d55b84f2248e36228db871147dab",
                "sha256:a7157c9ac6bddd2908c35ef099e4b643bc0e0ebb4d653deb54891d29258dd329",
                "sha256:a958bf9d4834c72dee4f91a0476e7837b8a2966dc6fcfc42c421405f98d0da51",
                "sha256:bb370120de6d26004358611441e07acda26840e41dfedc259d7f8cc613f96495",
                "sha256:d0928076d9bd8a98de44e79b1abe50c1456e7abbb40af7ef58092086f1a6c729",
                "sha256:d858423f5ed444d494b15c4cc90a206e1b8c31354c781ac7584da0d21c09c1c3",
                "sha256:e6120d63b50e2248219f53302af7ec6fa2a42ed1f37e9cda2c76dbaca65036a7",
                "sha256:f2b1378b63bdb581d5d7af2ec0373c8d40d651941d283a2afd7fc71184b3f570",
                "sha256:facc6f925c3099ac01a1f03758100772560a0b020fb9d70f210404be08006bcb"
            ],
            "version": "==1.14.2"
        },
        "pandas": {
            "hashes": [
                "sha256:02541a4fdd31315f213a5c8e18708abad719ee03eda05f603c4fe973e9b9d770",
                "sha256:052a66f58783a59ea38fdfee25de083b107baa81fdbe38fabd169d0f9efce2bf",
                "sha256:06efae5c00b9f4c6e6d3fe1eb52e590ff0ea8e5cb58032c724e04d31c540de53",
                "sha256:12f2a19d0b0adf31170d98d0e8bcbc59add0965a9b0c65d39e0665400491c0c5",
                "sha256:244ae0b9e998cfa88452a49b20e29bf582cc7c0e69093876d505aec4f8e1c7fe",
                "sha256:2907f3fe91ca2119ac3c38de6891bbbc83333bfe0d98309768fee28de563ee7a",
                "sha256:44a94091dd71f05922eec661638ec1a35f26d573c119aa2fad964f10a2880e6c",
                "sha256:587a9816cc663c958fcff7907c553b73fe196604f990bc98e1b71ebf07e45b44",
                "sha256:66403162c8b45325a995493bdd78ad4d8be085e527d721dbfa773d56fbba9c88",
                "sha256:68ac484e857dcbbd07ea7c6f516cc67f7f143f5313d9bc661470e7f473528882",
                "sha256:68b121d13177f5128a4c118bb4f73ba40df28292c038389961aa55ea5a996427",
                "sha256:97c8223d42d43d86ca359a57b4702ca0529c6553e83d736e93a5699951f0f8db",
                "sha256:af0dbac881f6f87acd325415adea0ce8cccf28f5d4ad7a54b6a1e176e2f7bf70",
                "sha256:c2cd884794924687edbaad40d18ac984054d247bb877890932c4d41e3c3aba31",
                "sha256:c372db80a5bcb143c9cb254d50f902772c3b093a4f965275197ec2d2184b1e61"
            ],
            "version": "==0.22.0"
        },
        "parsimonious": {
            "hashes": [
                "sha256:ae0869d72a6e57703f24313a5f5748e73ebff836e6fe8b3ddf34ea0dc00d086b"
            ],
            "version": "==0.8.0"
        },
        "pbr": {
            "hashes": [
                "sha256:186428c270309e6fdfe2d5ab0949ab21ae5f7dea831eab96701b86bd666af39c",
                "sha256:f5cf7265a80636ecff66806d13494cbf9d77a3758a65fd8b4d4d4bee81b0c375"
            ],
            "index": "pypi",
            "version": "==1.10.0"
        },
        "pint": {
            "hashes": [
                "sha256:afcf31443a478c32bbac4b00337ee9026a13d0e2ac83d30c79151462513bb0d4"
            ],
            "version": "==0.8.1"
        },
        "ply": {
            "hashes": [
                "sha256:0d7e2940b9c57151392fceaa62b0865c45e06ce1e36687fd8d03f011a907f43e"
            ],
            "index": "pypi",
            "version": "==3.9"
        },
        "psutil": {
            "hashes": [
                "sha256:0613437cc28b8721de92c582d5baf742dfa6dd824c84b578f8c49a60077e969a",
                "sha256:38f74182fb9e15cafd0cdf0821098a95cc17301807aed25634a18b66537ba51b",
                "sha256:3b377bc8ba5e62adbc709a90ea07dce2d4addbd6e1cc7acede61ddfa1c66e00a",
                "sha256:4690f720054beff4fc66551a6a34512faff328588dca8e2dbed94398b6941112",
                "sha256:6b3882eb16f2f40f1da6208a051800abadb1f82a675d9ef6ca7386e1a208b1ad",
                "sha256:733210f39e95744da26f2256bc36035fc463b0ae88e91496e97486ba21c63cab",
                "sha256:9ab5b62c6571ce545b1c40b9740af81276bd5d94439fd54de07ed59be0ce3f4f",
                "sha256:aa05f44a77ef83773af39446f99e461aa3b6edb7fdabeefdcf06e913d8884d3a",
                "sha256:ad8857923e9bc5802d5559ab5d70c1abc1a7be8e74e779adde883c5391e2061c",
                "sha256:ae20b76cddb3391ea37de5d2aaa1656d6373161bbc8fd868a0ca055194a46e45",
                "sha256:afa94bed972722882264a4df06176f6b6e6acc6bcebcc3f1db5428c7271dacba",
                "sha256:b0c5bf0d2a29a6f18ac22e2d24210730dca458c9f961914289c9e027ccb5ae43",
                "sha256:c2031732cd0fb7536af491bb8d8119c9263020a52450f9999c884fd49d346b26",
                "sha256:cf1be0b16b38f0e2081ff0c81a1a4321c206a824ba6bd51903fdd440abb370b6",
                "sha256:d2254f518624e6b2262f0f878931faa4bdbe8a77d1f8826564bc4576c6a4f85e",
                "sha256:fc78c29075e623b6ea1c4a1620a120a1534ee05370b76c0ec96f6d161d79e7a1",
                "sha256:fd9b66edb9f8943eda6b39e7bb9bff8b14aa8d785f5b417d7a0bfa53d4781a7a"
            ],
            "index": "pypi",
            "version": "==4.3.1"
        },
        "py": {
            "hashes": [
                "sha256:4a3e4f3000c123835ac39cab5ccc510642153bc47bc1f13e2bbb53039540ae69",
                "sha256:a6501963c725fc2554dabfece8ae9a8fb5e149c0ac0a42fd2b02c5c1c57fc114"
            ],
            "index": "pypi",
            "version": "==1.4.31"
        },
        "pyhaystack": {
            "hashes": [
                "sha256:0ed464fa8d84bf2ce2325e998e9493dc6a27eb2ca3db84fb43179b510a845da5"
            ],
            "index": "pypi",
            "version": "==0.92.5"
        },
        "pymodbus": {
            "hashes": [
                "sha256:4ac19df8ac4f79df9aaf95ebf3c92d6f2a753847559901d3d83790e4aacfa223"
            ],
            "index": "pypi",
            "version": "==1.2.0"
        },
        "pyparsing": {
            "hashes": [
                "sha256:0832bcf47acd283788593e7a0f542407bd9550a55a8a8435214a1960e04bcb04",
                "sha256:281683241b25fe9b80ec9d66017485f6deff1af5cde372469134b56ca8447a07",
                "sha256:8f1e18d3fd36c6795bb7e02a39fd05c611ffc2596c1e0d995d34d67630426c18",
                "sha256:9e8143a3e15c13713506886badd96ca4b579a87fbdf49e550dbfc057d6cb218e",
                "sha256:b8b3117ed9bdf45e14dcc89345ce638ec7e0e29b2b579fa1ecf32ce45ebac8a5",
                "sha256:e4d45427c6e20a59bf4f88c639dcc03ce30d193112047f94012102f235853a58",
                "sha256:fee43f17a9c4087e7ed1605bd6df994c6173c1e977d7ade7b651292fab2bd010"
            ],
            "version": "==2.2.0"
        },
        "pyserial": {
            "hashes": [
                "sha256:b4fcd6a7d329c844781df80fb06a4a9e21f3ac5623a687a975cbce8a8e4a82d2",
                "sha256:d657051249ce3cbd0446bcfb2be07a435e1029da4d63f53ed9b4cdde7373364c"
            ],
            "index": "pypi",
            "version": "==3.1.1"
        },
        "python-dateutil": {
            "hashes": [
                "sha256:1408fdb07c6a1fa9997567ce3fcee6a337b39a503d80699e0f213de4aa4b32ed",
                "sha256:598499a75be2e5e18a66f12c00dd47a069de24794effeda4228bfc760f44f527",
                "sha256:9d94861f04ce14f9a3d835206067c889b8f1244f1415035dadcf9c10066adf04"
            ],
            "index": "pypi",
            "version": "==2.5.3"
        },
        "pytz": {
            "hashes": [
                "sha256:060cf9f8770765a7d0be9e0b3e512ab54bc346a15daa50d6c9dd59347a396d3a",
                "sha256:1cc1fdda22d183ed6e6c9f65ecbba8e12a9208cfadd384d2d429e18dc0250a0f",
                "sha256:2298d266b831852d0a7ef7e17c57c09a0320d187b3f1c85e58903fb6088d268d",
                "sha256:2f5fa04d1804ff0cd52ca3274ba9e74c775b4b70a18f25fcc537c903dfd5cc18",
                "sha256:3495f56248eac90e59a1e742d13e2ce647eea46aadf453d0fa22b7eb3d665670",
                "sha256:51ad716f6081f2126deb436349924e069dfcd0cbd9e0cabdacb0b3a72a3b82e7",
                "sha256:5cf3ed40944662a351b2cca0c5bb0c003e0a1b2c4d808e45fad73abf80f44b48",
                "sha256:6f57732f0f8849817e9853eb9d50d85d1ebb1404f702dbc44ee627c642a486ca",
                "sha256:7833bf559800232d3965b70e69642ebdadc76f7988f8d0a1440e072193ecd949",
                "sha256:97baa64915ef83b98d202ee2d4dbcc891b924b83410e69078523215fa2c72d0a",
                "sha256:a44a3486a6657046879406dfd9ef0565b1211ffcf4779bddbe39c72496df1688",
                "sha256:b5aff44126cf828537581e534cc94299b223b945a2bb3b5434d37bf8c7f3a10c",
                "sha256:dec0bedfa2a91289e2505e4f771dbcb6a3930b6664e6a6ac010cd73f555900ba"
            ],
            "index": "pypi",
            "version": "==2016.6.1"
        },
        "pyyaml": {
            "hashes": [
                "sha256:0c507b7f74b3d2dd4d1322ec8a94794927305ab4cebbe89cc47fe5e81541e6e8",
                "sha256:16b20e970597e051997d90dc2cddc713a2876c47e3d92d59ee198700c5427736",
                "sha256:3262c96a1ca437e7e4763e2843746588a965426550f3797a79fca9c6199c431f",
                "sha256:326420cbb492172dec84b0f65c80942de6cedb5233c413dd824483989c000608",
                "sha256:4474f8ea030b5127225b8894d626bb66c01cda098d47a2b0d3429b6700af9fd8",
                "sha256:592766c6303207a20efc445587778322d7f73b161bd994f227adaa341ba212ab",
                "sha256:5ac82e411044fb129bae5cfbeb3ba626acb2af31a8d17d175004b70862a741a7",
                "sha256:5f84523c076ad14ff5e6c037fe1c89a7f73a3e04cf0377cb4d017014976433f3",
                "sha256:827dc04b8fa7d07c44de11fabbc888e627fa8293b695e0f99cb544fdfa1bf0d1",
                "sha256:b4c423ab23291d3945ac61346feeb9a0dc4184999ede5e7c43e1ffb975130ae6",
                "sha256:bc6bced57f826ca7cb5125a10b23fd0f2fff3b7c4701d64c439a300ce665fff8",
                "sha256:c01b880ec30b5a6e6aa67b09a2fe3fb30473008c85cd6a67359a1b15ed6d83a4",
                "sha256:ca233c64c6e40eaa6c66ef97058cdc80e8d0157a443655baa1b2966e812807ca",
                "sha256:e863072cdf4c72eebf179342c94e6989c67185842d9997960b3e69290b2fa269"
            ],
            "index": "pypi",
            "version": "==3.12"
        },
        "pyzmq": {
            "hashes": [
                "sha256:0ce70a4dc128e4cc7f76c2582475bb11fcd7754727dbb2bacc300a387c08e399",
                "sha256:0f60a4790974ac1a36455bea09314bfb4ab0b5a552761b9a12de3e76f3bc7d17",
                "sha256:167b9c5dd79320664495a5ff2658ed324cff39df052b5ba3daea59e723418ba0",
                "sha256:5bfd83e3b38b22f9fb4b3403051a4eec35d1a45bfc8f3b54cb7c81a26ca2fd41",
                "sha256:60d8467a5872023e5ea82b90b6a18a91df48c5810756e4246901561c6fffb4b1",
                "sha256:72967464282ecff1abaf67923dcbfb4a02541b5b7a710620f35aa5ea9fb1b4db",
                "sha256:79a272f53c205ecba86450716eba80ce5c0c940e3b7f2b0c9efde83f49504fe1",
                "sha256:859dff7e6f3c43f1c6c8b03d6a419ab02cc05f9a0d0a16b1a11ab5aa19563dd3",
                "sha256:9ac353137965349f7a8a65600985cc30ed6cf19b9a5ef1dae04a2c184bef2cb9",
                "sha256:9d1d69da7ee78dce8721a1617c7938ded1cd1df76a6c1abf19acebb1a5ccc2bf",
                "sha256:bbf6c1d798bc22f524d26f80c2bf4c1c07a4b9cc97571e3bdf3f7ad69d715e7b",
                "sha256:bd54eeb09388eb81c6e28384d88fe59f376e64baf2410c4222319efd4470478f",
                "sha256:c428125e8137ee93458c313ed8fbea6b35d6976ef2a7dcd90303898180dbe67e",
                "sha256:c8541c4ad9ad5a8d2096055b732862a602dd461d68aa5db69a4564cca603da46",
                "sha256:c8684a502d1e5efa50199b35f54d5afee7dd7b69d64e065fba0b2d701edfc45f",
                "sha256:cf1d9f736821cc3753c6af858097a928f4beb80d8461ca9620826ffd19c3e26f",
                "sha256:d0d30705c172173893ba83a9cc83a47d70152e264dc54cf3b27074b8bf565c32",
                "sha256:d2d35d0f9ec40cf65b9b5b69a11e39be33d8f4ee9d2625a9f58a49469f2ba54d",
                "sha256:e37c65f38c3033d8c530f03bf612b6e5a655cf5aeba3a4ca6f46d035a509aec7",
                "sha256:fd7f98df23b3c98ccfbd878083f3ac64cbfedd5784381e851eb2a67bbca8592a"
            ],
            "index": "pypi",
            "version": "==15.4.0"
        },
        "requests": {
            "hashes": [
                "sha256:545c4855cd9d7c12671444326337013766f4eea6068c3f0307fb2dc2696d580e",
                "sha256:5acf980358283faba0b897c73959cecf8b841205bb4b2ad3ef545f46eae1a133"
            ],
            "index": "pypi",
            "version": "==2.11.1"
        },
        "semver": {
            "hashes": [
                "sha256:1ffb55fb86a076cf7c161e6b5931f7da59f15abe217e0f24cea96cc8eec50f42"
            ],
            "version": "==2.7.9"
        },
        "signalslot": {
            "hashes": [
                "sha256:389bbfe50bc8a740732dc0b952aeaf3f4622ac567ee68b78450e2df96abce106"
            ],
            "version": "==0.1.1"
        },
        "simplejson": {
            "hashes": [
                "sha256:057952d5a964737425faca7153e497daee126c88cee424f8331bf8f931430880",
                "sha256:06af729cd24692f329d7fa329b92f43107812ee29821edb0e7c75354f034cd93",
                "sha256:08b59bcb98c1d7b8d2a5efd275afa18225a82f58bedde4dfec5410e884e0fbbf",
                "sha256:0e9c19a5cff15dd0f462625bd36008c2cefa989a004f507f49aed7dfa8de709a",
                "sha256:1b7126e3eb3cd4794e9b34837d8eb84ce9a36a2aed2bbed8b42e1ede6f9c89ba",
                "sha256:8793bb83911ea75c0be8806456cfb6242f2e513107115811dc6bc010029fb1b0",
                "sha256:8a66052d057871962b20574346a8380f03bff0a2f5c0eedc307d10dd0172aa46",
                "sha256:99694d33744924958412312113925a9eff918e4c32ec850f1636a7af3a463481",
                "sha256:9d7d29f89f85b453a00ed71ba60451051d4598fdc07bff06958449dcca7f3a0d",
                "sha256:a97dd6d819626dc4371adbc7b6bdf3246fbffaf9346be4d22a7b5e501d7da99a",
                "sha256:ac2f5c72f6555e37068ecca0148e7c1a87ad2bd14c05f8b2bb7acd84cc42427c",
                "sha256:b2ef4f07f38b9303c8bbf43150722792649676eabfae004922e085c6247a4e1b",
                "sha256:cd769310466f36133cd9155b571c768767f29682deb1639520216ac8a8567774",
                "sha256:d34db551b129650c5a048170a57b34e6dd8b53439acee5287e2efa2e53c80d33",
                "sha256:d58439c548433adcda98e695be53e526ba940a4b9c44fb9a05d92cd495cdd47f",
                "sha256:d7a83ee6cbe2d71e3612a5068b4494078f2f8545b31a1955438f997d779a9be9",
                "sha256:e054544ecec008a17e81a06a46651a2582dcc63e232f9d3aafe0c3b7d43245f4",
                "sha256:e0ec9f3e0204e685e5379b2915eb6d5b7c22a1f04348586854cfcdc9a161e359",
                "sha256:e3b2fed6fedf3fdce70d10c61dee8779b8bf7e67b5625efee4bff8243b180487"
            ],
            "index": "pypi",
            "version": "==3.8.2"
        },
        "six": {
            "hashes": [
                "sha256:0ff78c403d9bccf5a425a6d31a12aa6b47f1c21ca4dc2573a7e2f32a97335eb1",
                "sha256:105f8d68616f8248e24bf0e9372ef04d3cc10104f1980f54d57b2ce73a5ad56a"
            ],
            "index": "pypi",
            "version": "==1.10.0"
        },
        "twisted": {
            "hashes": [
                "sha256:1d8d73f006c990744effb35588359fd44d43608649ac0b6b7edc71176e88e816",
                "sha256:bcacb3a76162fe9584c721a02584d7f1cf2851bdcf9a00a1b436d07e0de05726"
            ],
            "index": "pypi",
            "version": "==16.4.1"
        },
        "tzlocal": {
            "hashes": [
                "sha256:cbbaa4e9d25c36386f12af9febe315139fdd39317b91abcb42d782a5e93e525d"
            ],
            "index": "pypi",
            "version": "==1.2.2"
        },
        "ujson": {
            "hashes": [
                "sha256:f66073e5506e91d204ab0c614a148d5aa938bdbf104751be66f8ad7a222f5f86"
            ],
            "index": "pypi",
            "version": "==1.35"
        },
        "weakrefmethod": {
            "hashes": [
                "sha256:37bc1fbb5575acf82172d4eb7b6fc4412d77d5a1d70dff2c1f8a4574301cda66"
            ],
            "version": "==1.0.3"
        },
        "ws4py": {
            "hashes": [
                "sha256:2bcd93b8dbd268b420f3f7c25bb122e0afdda0ee3628eb2aa01d3e7f816109b7",
                "sha256:5825d3f66fe2ba7ac8e79dd568a8a9bba3e8324589a39b84de2b1f38cb026e6c",
                "sha256:c4cc4a872027f6a6006a6142a38eb6d65c2ece29a4cefac98dd20a48c34ec7a9",
                "sha256:d603cdeec44cca0d403136883c1e4fc7021e738cbd6373d63105e2416ee5953f"
            ],
            "index": "pypi",
            "version": "==0.3.5"
        },
        "zope.interface": {
            "hashes": [
                "sha256:04ae8a1041188faa8de80f9a373e0c39036f4ff5f05b087f45f95e61f5d021e9",
                "sha256:0eded56d84e6a8d18eaacca2f2f5a9bdbca983f389baf67e7f0dbc563dc4c5b5",
                "sha256:10aba8ab3e011b797656d3a6d0ff8709ee471024f32d6fd056326cca4123e95f",
                "sha256:227c4f5908f6ad52b1e1f1748dddb88fb48be32bc4d310eb32032428769dca24",
                "sha256:23eaeb9c59aa41a78cc59b585c80d2eacf96167d575cfd9399f271c967b4b33d",
                "sha256:5d78df08d8c571a5ba3c0a95fb9c342487bd63dbe54372224621b556975c5f3e",
                "sha256:6a0e224a052e3ce27b3a7b1300a24747513f7a507217fcc2a4cb02eb92945cee",
                "sha256:6d871fb3a7869802fa8ccde0c589e20289e32b30398b24dd46cd1c3bd4dc7382",
                "sha256:716ee42ea853deb4f6491a0db03e36cf4db82f178ee0f4b3ba433e893d754f16",
                "sha256:7ebc15a8f568162d936da27b8ee01bacf934c3f3758ef5f6a2d4306aeea1337f",
                "sha256:82df64236d9008ac6025f743223a3be8d911cd3fdefe483ae5ab768691c4d101",
                "sha256:ab357a99d9f00bc43476d70ead78f05d2d7ebc68c8fd8a8a983e2e6e4cb34bfb",
                "sha256:ae3295573d957138585532f2050ca94bed1fdb0fd792f389b1fa6d9cf5df360f",
                "sha256:ae4963329dc6e78800de72c942422bf641b673fe0708bda7e2a76b96b926121c",
                "sha256:bda6aed260c08c0d1d7c2b100fa3e182e36da064e458af8392acc985fee13644",
                "sha256:c2fd356ed67d9cd23ed47dddcd118f5b3fba26d4a34eee4bf8974bc80963db98",
                "sha256:cf156d9ec862f1c3a1e56256dc0c3d85048e31f21bc464e03359cba5a1d45250",
                "sha256:d0e1c5113a10446079f2a8e38e88295b8c34e119d76d30df248bd5b051afdecc",
                "sha256:d5a92d4c10e81d7c2e96a8d6929905b795b46a14fda4b6ec8ec738c02a4f5406",
                "sha256:e0dd4fc03c01fde2bad0a60b63884a834f0c0b42a01e937c948435c6f2aa00d3",
                "sha256:e270f3a3f3d939ce06e1425e6d70e5d7cc4ccff67e1eaee89c6a6e9d0bdffbfe",
                "sha256:e5289de49bcbaf84d278938c55a3e312407f8e2571f6be69a77837a2ea88db4a",
                "sha256:e727c508a5af11e0bbd690869ed8d3598e6c997e5be66465149f361514a4f3f2",
                "sha256:ef296d3f2c26d8b88fd0db57ba13cfcd3df467f333caaeb87f1d31717b14ff87"
            ],
            "index": "pypi",
            "version": "==4.3.2"
        }
    },
    "develop": {}
}
